PODS:
  - Flutter (1.0.0)
  - flutter_is_awesome (0.0.1):
    - Flutter

DEPENDENCIES:
  - Flutter (from `Flutter`)
  - flutter_is_awesome (from `.symlinks/plugins/flutter_is_awesome/ios`)

EXTERNAL SOURCES:
  Flutter:
    :path: Flutter
  flutter_is_awesome:
    :path: ".symlinks/plugins/flutter_is_awesome/ios"

SPEC CHECKSUMS:
  Flutter: 0e3d915762c693b495b44d77113d4970485de6ec
  flutter_is_awesome: c515f15f899e202898b09110c87a30b04faf3008

PODFILE CHECKSUM: a75497545d4391e2d394c3668e20cfb1c2bbd4aa

COCOAPODS: 1.10.1
